
Microsoft Visual Studio Solution File, Format Version 12.00
# Visual Studio Version 17
VisualStudioVersion = 17.5.33516.290
MinimumVisualStudioVersion = 10.0.40219.1
Project("{FAE04EC0-301F-11D3-BF4B-00C04F79EFBC}") = "ConsoleApp1", "ConsoleApp1\ConsoleApp1.csproj", "{76D2ED3E-3244-4ACD-8F73-60DE605CB8CA}"
EndProject
Project("{FAE04EC0-301F-11D3-BF4B-00C04F79EFBC}") = "RickAndBobLib", "ClassLibrary1\RickAndBobLib.csproj", "{7F79CAE8-6805-4B8B-ADBF-A12887FF769A}"
EndProject
Global
	GlobalSection(SolutionConfigurationPlatforms) = preSolution
		Debug|Any CPU = Debug|Any CPU
		Release|Any CPU = Release|Any CPU
	EndGlobalSection
	GlobalSection(ProjectConfigurationPlatforms) = postSolution
		{76D2ED3E-3244-4ACD-8F73-60DE605CB8CA}.Debug|Any CPU.ActiveCfg = Debug|Any CPU
		{76D2ED3E-3244-4ACD-8F73-60DE605CB8CA}.Debug|Any CPU.Build.0 = Debug|Any CPU
		{76D2ED3E-3244-4ACD-8F73-60DE605CB8CA}.Release|Any CPU.ActiveCfg = Release|Any CPU
		{76D2ED3E-3244-4ACD-8F73-60DE605CB8CA}.Release|Any CPU.Build.0 = Release|Any CPU
		{7F79CAE8-6805-4B8B-ADBF-A12887FF769A}.Debug|Any CPU.ActiveCfg = Debug|Any CPU
		{7F79CAE8-6805-4B8B-ADBF-A12887FF769A}.Debug|Any CPU.Build.0 = Debug|Any CPU
		{7F79CAE8-6805-4B8B-ADBF-A12887FF769A}.Release|Any CPU.ActiveCfg = Release|Any CPU
		{7F79CAE8-6805-4B8B-ADBF-A12887FF769A}.Release|Any CPU.Build.0 = Release|Any CPU
	EndGlobalSection
	GlobalSection(SolutionProperties) = preSolution
		HideSolutionNode = FALSE
	EndGlobalSection
	GlobalSection(ExtensibilityGlobals) = postSolution
		SolutionGuid = {EA745773-FD53-440A-8081-3B94F0E198E3}
	EndGlobalSection
EndGlobal
